<Project ToolsVersion="4.0" xmlns="http://schemas.microsoft.com/developer/msbuild/2003">
  <ItemGroup>
    <Filter Include="Source Files">
      <UniqueIdentifier>{4FC737F1-C7A5-4376-A066-2A32D752A2FF}</UniqueIdentifier>
      <Extensions>cpp;c;cc;cxx;def;odl;idl;hpj;bat;asm;asmx</Extensions>
    </Filter>
    <Filter Include="Header Files">
      <UniqueIdentifier>{93995380-89BD-4b04-88EB-625FBE52EBFB}</UniqueIdentifier>
      <Extensions>h;hpp;hxx;hm;inl;inc;xsd</Extensions>
    </Filter>
    <Filter Include="Resource Files">
      <UniqueIdentifier>{67DA6AB6-F800-4c08-8B7A-83BB121AAD01}</UniqueIdentifier>
      <Extensions>rc;ico;cur;bmp;dlg;rc2;rct;bin;rgs;gif;jpg;jpeg;jpe;resx;tiff;tif;png;wav</Extensions>
    </Filter>
    <Filter Include="Blocks">
      <UniqueIdentifier>{C1C7BCD5-DE59-409A-86A5-5C82FF10E2C2}</UniqueIdentifier>
    </Filter>
    <Filter Include="Blocks\Cinder-Stk">
      <UniqueIdentifier>{453EF7EB-4D56-484C-A672-1FAB4B02B57B}</UniqueIdentifier>
    </Filter>
    <Filter Include="Blocks\Cinder-Stk\src">
      <UniqueIdentifier>{3A7D3C24-C943-4A8E-A218-AE620A4F042C}</UniqueIdentifier>
    </Filter>
    <Filter Include="Blocks\Cinder-Stk\src\cistk">
      <UniqueIdentifier>{D6B9964C-0719-4BF0-8B72-5F04FF2D57CB}</UniqueIdentifier>
    </Filter>
    <Filter Include="Blocks\Cinder-Stk\src\stk">
      <UniqueIdentifier>{94D16F47-01A0-4E22-BA60-CB32A2280C82}</UniqueIdentifier>
    </Filter>
  </ItemGroup>
  <ItemGroup>
    <ClCompile Include="..\src\StkTestApp.cpp">
      <Filter>Source Files</Filter>
    </ClCompile>
    <ClCompile Include="..\src\StkTestApp.cpp">
      <Filter>Source Files</Filter>
    </ClCompile>
    <ClInclude Include="..\include\Resources.h">
      <Filter>Header Files</Filter>
    </ClInclude>
    <ClInclude Include="..\..\..\src\cistk\CinderStk.h">
      <Filter>Blocks\Cinder-Stk\src\cistk</Filter>
    </ClInclude>
    <ClInclude Include="..\..\..\src\cistk\Effects.h">
      <Filter>Blocks\Cinder-Stk\src\cistk</Filter>
    </ClInclude>
    <ClInclude Include="..\..\..\src\cistk\Instruments.h">
      <Filter>Blocks\Cinder-Stk\src\cistk</Filter>
    </ClInclude>
    <ClInclude Include="..\..\..\src\cistk\Util.h">
      <Filter>Blocks\Cinder-Stk\src\cistk</Filter>
    </ClInclude>
    <ClCompile Include="..\..\..\src\cistk\Util.cpp">
      <Filter>Blocks\Cinder-Stk\src\cistk</Filter>
    </ClCompile>
    <ClInclude Include="..\..\..\src\stk\ADSR.h">
      <Filter>Blocks\Cinder-Stk\src\stk</Filter>
    </ClInclude>
    <ClInclude Include="..\..\..\src\stk\Asymp.h">
      <Filter>Blocks\Cinder-Stk\src\stk</Filter>
    </ClInclude>
    <ClInclude Include="..\..\..\src\stk\BandedWG.h">
      <Filter>Blocks\Cinder-Stk\src\stk</Filter>
    </ClInclude>
    <ClInclude Include="..\..\..\src\stk\BeeThree.h">
      <Filter>Blocks\Cinder-Stk\src\stk</Filter>
    </ClInclude>
    <ClInclude Include="..\..\..\src\stk\BiQuad.h">
      <Filter>Blocks\Cinder-Stk\src\stk</Filter>
    </ClInclude>
    <ClInclude Include="..\..\..\src\stk\Blit.h">
      <Filter>Blocks\Cinder-Stk\src\stk</Filter>
    </ClInclude>
    <ClInclude Include="..\..\..\src\stk\BlitSaw.h">
      <Filter>Blocks\Cinder-Stk\src\stk</Filter>
    </ClInclude>
    <ClInclude Include="..\..\..\src\stk\BlitSquare.h">
      <Filter>Blocks\Cinder-Stk\src\stk</Filter>
    </ClInclude>
    <ClInclude Include="..\..\..\src\stk\BlowBotl.h">
      <Filter>Blocks\Cinder-Stk\src\stk</Filter>
    </ClInclude>
    <ClInclude Include="..\..\..\src\stk\BlowHole.h">
      <Filter>Blocks\Cinder-Stk\src\stk</Filter>
    </ClInclude>
    <ClInclude Include="..\..\..\src\stk\Bowed.h">
      <Filter>Blocks\Cinder-Stk\src\stk</Filter>
    </ClInclude>
    <ClInclude Include="..\..\..\src\stk\BowTable.h">
      <Filter>Blocks\Cinder-Stk\src\stk</Filter>
    </ClInclude>
    <ClInclude Include="..\..\..\src\stk\Brass.h">
      <Filter>Blocks\Cinder-Stk\src\stk</Filter>
    </ClInclude>
    <ClInclude Include="..\..\..\src\stk\Chorus.h">
      <Filter>Blocks\Cinder-Stk\src\stk</Filter>
    </ClInclude>
    <ClInclude Include="..\..\..\src\stk\Clarinet.h">
      <Filter>Blocks\Cinder-Stk\src\stk</Filter>
    </ClInclude>
    <ClInclude Include="..\..\..\src\stk\Cubic.h">
      <Filter>Blocks\Cinder-Stk\src\stk</Filter>
    </ClInclude>
    <ClInclude Include="..\..\..\src\stk\Delay.h">
      <Filter>Blocks\Cinder-Stk\src\stk</Filter>
    </ClInclude>
    <ClInclude Include="..\..\..\src\stk\DelayA.h">
      <Filter>Blocks\Cinder-Stk\src\stk</Filter>
    </ClInclude>
    <ClInclude Include="..\..\..\src\stk\DelayL.h">
      <Filter>Blocks\Cinder-Stk\src\stk</Filter>
    </ClInclude>
    <ClInclude Include="..\..\..\src\stk\Drummer.h">
      <Filter>Blocks\Cinder-Stk\src\stk</Filter>
    </ClInclude>
    <ClInclude Include="..\..\..\src\stk\Echo.h">
      <Filter>Blocks\Cinder-Stk\src\stk</Filter>
    </ClInclude>
    <ClInclude Include="..\..\..\src\stk\Effect.h">
      <Filter>Blocks\Cinder-Stk\src\stk</Filter>
    </ClInclude>
    <ClInclude Include="..\..\..\src\stk\Envelope.h">
      <Filter>Blocks\Cinder-Stk\src\stk</Filter>
    </ClInclude>
    <ClInclude Include="..\..\..\src\stk\FileLoop.h">
      <Filter>Blocks\Cinder-Stk\src\stk</Filter>
    </ClInclude>
    <ClInclude Include="..\..\..\src\stk\FileRead.h">
      <Filter>Blocks\Cinder-Stk\src\stk</Filter>
    </ClInclude>
    <ClInclude Include="..\..\..\src\stk\FileWrite.h">
      <Filter>Blocks\Cinder-Stk\src\stk</Filter>
    </ClInclude>
    <ClInclude Include="..\..\..\src\stk\FileWvIn.h">
      <Filter>Blocks\Cinder-Stk\src\stk</Filter>
    </ClInclude>
    <ClInclude Include="..\..\..\src\stk\FileWvOut.h">
      <Filter>Blocks\Cinder-Stk\src\stk</Filter>
    </ClInclude>
    <ClInclude Include="..\..\..\src\stk\Filter.h">
      <Filter>Blocks\Cinder-Stk\src\stk</Filter>
    </ClInclude>
    <ClInclude Include="..\..\..\src\stk\Fir.h">
      <Filter>Blocks\Cinder-Stk\src\stk</Filter>
    </ClInclude>
    <ClInclude Include="..\..\..\src\stk\Flute.h">
      <Filter>Blocks\Cinder-Stk\src\stk</Filter>
    </ClInclude>
    <ClInclude Include="..\..\..\src\stk\FM.h">
      <Filter>Blocks\Cinder-Stk\src\stk</Filter>
    </ClInclude>
    <ClInclude Include="..\..\..\src\stk\FMVoices.h">
      <Filter>Blocks\Cinder-Stk\src\stk</Filter>
    </ClInclude>
    <ClInclude Include="..\..\..\src\stk\FormSwep.h">
      <Filter>Blocks\Cinder-Stk\src\stk</Filter>
    </ClInclude>
    <ClInclude Include="..\..\..\src\stk\FreeVerb.h">
      <Filter>Blocks\Cinder-Stk\src\stk</Filter>
    </ClInclude>
    <ClInclude Include="..\..\..\src\stk\Function.h">
      <Filter>Blocks\Cinder-Stk\src\stk</Filter>
    </ClInclude>
    <ClInclude Include="..\..\..\src\stk\Generator.h">
      <Filter>Blocks\Cinder-Stk\src\stk</Filter>
    </ClInclude>
    <ClInclude Include="..\..\..\src\stk\Granulate.h">
      <Filter>Blocks\Cinder-Stk\src\stk</Filter>
    </ClInclude>
    <ClInclude Include="..\..\..\src\stk\Guitar.h">
      <Filter>Blocks\Cinder-Stk\src\stk</Filter>
    </ClInclude>
    <ClInclude Include="..\..\..\src\stk\HevyMetl.h">
      <Filter>Blocks\Cinder-Stk\src\stk</Filter>
    </ClInclude>
    <ClInclude Include="..\..\..\src\stk\Iir.h">
      <Filter>Blocks\Cinder-Stk\src\stk</Filter>
    </ClInclude>
    <ClInclude Include="..\..\..\src\stk\Instrmnt.h">
      <Filter>Blocks\Cinder-Stk\src\stk</Filter>
    </ClInclude>
    <ClInclude Include="..\..\..\src\stk\JCRev.h">
      <Filter>Blocks\Cinder-Stk\src\stk</Filter>
    </ClInclude>
    <ClInclude Include="..\..\..\src\stk\JetTable.h">
      <Filter>Blocks\Cinder-Stk\src\stk</Filter>
    </ClInclude>
    <ClInclude Include="..\..\..\src\stk\LentPitShift.h">
      <Filter>Blocks\Cinder-Stk\src\stk</Filter>
    </ClInclude>
    <ClInclude Include="..\..\..\src\stk\Mandolin.h">
      <Filter>Blocks\Cinder-Stk\src\stk</Filter>
    </ClInclude>
    <ClInclude Include="..\..\..\src\stk\Mesh2D.h">
      <Filter>Blocks\Cinder-Stk\src\stk</Filter>
    </ClInclude>
    <ClInclude Include="..\..\..\src\stk\MidiFileIn.h">
      <Filter>Blocks\Cinder-Stk\src\stk</Filter>
    </ClInclude>
    <ClInclude Include="..\..\..\src\stk\Modal.h">
      <Filter>Blocks\Cinder-Stk\src\stk</Filter>
    </ClInclude>
    <ClInclude Include="..\..\..\src\stk\ModalBar.h">
      <Filter>Blocks\Cinder-Stk\src\stk</Filter>
    </ClInclude>
    <ClInclude Include="..\..\..\src\stk\Modulate.h">
      <Filter>Blocks\Cinder-Stk\src\stk</Filter>
    </ClInclude>
    <ClInclude Include="..\..\..\src\stk\Moog.h">
      <Filter>Blocks\Cinder-Stk\src\stk</Filter>
    </ClInclude>
    <ClInclude Include="..\..\..\src\stk\Noise.h">
      <Filter>Blocks\Cinder-Stk\src\stk</Filter>
    </ClInclude>
    <ClInclude Include="..\..\..\src\stk\NRev.h">
      <Filter>Blocks\Cinder-Stk\src\stk</Filter>
    </ClInclude>
    <ClInclude Include="..\..\..\src\stk\OnePole.h">
      <Filter>Blocks\Cinder-Stk\src\stk</Filter>
    </ClInclude>
    <ClInclude Include="..\..\..\src\stk\OneZero.h">
      <Filter>Blocks\Cinder-Stk\src\stk</Filter>
    </ClInclude>
    <ClInclude Include="..\..\..\src\stk\PercFlut.h">
      <Filter>Blocks\Cinder-Stk\src\stk</Filter>
    </ClInclude>
    <ClInclude Include="..\..\..\src\stk\Phonemes.h">
      <Filter>Blocks\Cinder-Stk\src\stk</Filter>
    </ClInclude>
    <ClInclude Include="..\..\..\src\stk\PitShift.h">
      <Filter>Blocks\Cinder-Stk\src\stk</Filter>
    </ClInclude>
    <ClInclude Include="..\..\..\src\stk\Plucked.h">
      <Filter>Blocks\Cinder-Stk\src\stk</Filter>
    </ClInclude>
    <ClInclude Include="..\..\..\src\stk\PoleZero.h">
      <Filter>Blocks\Cinder-Stk\src\stk</Filter>
    </ClInclude>
    <ClInclude Include="..\..\..\src\stk\PRCRev.h">
      <Filter>Blocks\Cinder-Stk\src\stk</Filter>
    </ClInclude>
    <ClInclude Include="..\..\..\src\stk\ReedTable.h">
      <Filter>Blocks\Cinder-Stk\src\stk</Filter>
    </ClInclude>
    <ClInclude Include="..\..\..\src\stk\Resonate.h">
      <Filter>Blocks\Cinder-Stk\src\stk</Filter>
    </ClInclude>
    <ClInclude Include="..\..\..\src\stk\Rhodey.h">
      <Filter>Blocks\Cinder-Stk\src\stk</Filter>
    </ClInclude>
    <ClInclude Include="..\..\..\src\stk\Sampler.h">
      <Filter>Blocks\Cinder-Stk\src\stk</Filter>
    </ClInclude>
    <ClInclude Include="..\..\..\src\stk\Saxofony.h">
      <Filter>Blocks\Cinder-Stk\src\stk</Filter>
    </ClInclude>
    <ClInclude Include="..\..\..\src\stk\Shakers.h">
      <Filter>Blocks\Cinder-Stk\src\stk</Filter>
    </ClInclude>
    <ClInclude Include="..\..\..\src\stk\Simple.h">
      <Filter>Blocks\Cinder-Stk\src\stk</Filter>
    </ClInclude>
    <ClInclude Include="..\..\..\src\stk\SineWave.h">
      <Filter>Blocks\Cinder-Stk\src\stk</Filter>
    </ClInclude>
    <ClInclude Include="..\..\..\src\stk\SingWave.h">
      <Filter>Blocks\Cinder-Stk\src\stk</Filter>
    </ClInclude>
    <ClInclude Include="..\..\..\src\stk\Sitar.h">
      <Filter>Blocks\Cinder-Stk\src\stk</Filter>
    </ClInclude>
    <ClInclude Include="..\..\..\src\stk\Skini.h">
      <Filter>Blocks\Cinder-Stk\src\stk</Filter>
    </ClInclude>
    <ClInclude Include="..\..\..\src\stk\SKINImsg.h">
      <Filter>Blocks\Cinder-Stk\src\stk</Filter>
    </ClInclude>
    <ClInclude Include="..\..\..\src\stk\SKINItbl.h">
      <Filter>Blocks\Cinder-Stk\src\stk</Filter>
    </ClInclude>
    <ClInclude Include="..\..\..\src\stk\Sphere.h">
      <Filter>Blocks\Cinder-Stk\src\stk</Filter>
    </ClInclude>
    <ClInclude Include="..\..\..\src\stk\StifKarp.h">
      <Filter>Blocks\Cinder-Stk\src\stk</Filter>
    </ClInclude>
    <ClInclude Include="..\..\..\src\stk\Stk.h">
      <Filter>Blocks\Cinder-Stk\src\stk</Filter>
    </ClInclude>
    <ClInclude Include="..\..\..\src\stk\TapDelay.h">
      <Filter>Blocks\Cinder-Stk\src\stk</Filter>
    </ClInclude>
    <ClInclude Include="..\..\..\src\stk\TubeBell.h">
      <Filter>Blocks\Cinder-Stk\src\stk</Filter>
    </ClInclude>
    <ClInclude Include="..\..\..\src\stk\Twang.h">
      <Filter>Blocks\Cinder-Stk\src\stk</Filter>
    </ClInclude>
    <ClInclude Include="..\..\..\src\stk\TwoPole.h">
      <Filter>Blocks\Cinder-Stk\src\stk</Filter>
    </ClInclude>
    <ClInclude Include="..\..\..\src\stk\TwoZero.h">
      <Filter>Blocks\Cinder-Stk\src\stk</Filter>
    </ClInclude>
    <ClInclude Include="..\..\..\src\stk\Vector3D.h">
      <Filter>Blocks\Cinder-Stk\src\stk</Filter>
    </ClInclude>
    <ClInclude Include="..\..\..\src\stk\Voicer.h">
      <Filter>Blocks\Cinder-Stk\src\stk</Filter>
    </ClInclude>
    <ClInclude Include="..\..\..\src\stk\VoicForm.h">
      <Filter>Blocks\Cinder-Stk\src\stk</Filter>
    </ClInclude>
    <ClInclude Include="..\..\..\src\stk\Whistle.h">
      <Filter>Blocks\Cinder-Stk\src\stk</Filter>
    </ClInclude>
    <ClInclude Include="..\..\..\src\stk\Wurley.h">
      <Filter>Blocks\Cinder-Stk\src\stk</Filter>
    </ClInclude>
    <ClInclude Include="..\..\..\src\stk\WvIn.h">
      <Filter>Blocks\Cinder-Stk\src\stk</Filter>
    </ClInclude>
    <ClInclude Include="..\..\..\src\stk\WvOut.h">
      <Filter>Blocks\Cinder-Stk\src\stk</Filter>
    </ClInclude>
    <ClCompile Include="..\..\..\src\stk\ADSR.cpp">
      <Filter>Blocks\Cinder-Stk\src\stk</Filter>
    </ClCompile>
    <ClCompile Include="..\..\..\src\stk\Asymp.cpp">
      <Filter>Blocks\Cinder-Stk\src\stk</Filter>
    </ClCompile>
    <ClCompile Include="..\..\..\src\stk\BandedWG.cpp">
      <Filter>Blocks\Cinder-Stk\src\stk</Filter>
    </ClCompile>
    <ClCompile Include="..\..\..\src\stk\BeeThree.cpp">
      <Filter>Blocks\Cinder-Stk\src\stk</Filter>
    </ClCompile>
    <ClCompile Include="..\..\..\src\stk\BiQuad.cpp">
      <Filter>Blocks\Cinder-Stk\src\stk</Filter>
    </ClCompile>
    <ClCompile Include="..\..\..\src\stk\Blit.cpp">
      <Filter>Blocks\Cinder-Stk\src\stk</Filter>
    </ClCompile>
    <ClCompile Include="..\..\..\src\stk\BlitSaw.cpp">
      <Filter>Blocks\Cinder-Stk\src\stk</Filter>
    </ClCompile>
    <ClCompile Include="..\..\..\src\stk\BlitSquare.cpp">
      <Filter>Blocks\Cinder-Stk\src\stk</Filter>
    </ClCompile>
    <ClCompile Include="..\..\..\src\stk\BlowBotl.cpp">
      <Filter>Blocks\Cinder-Stk\src\stk</Filter>
    </ClCompile>
    <ClCompile Include="..\..\..\src\stk\BlowHole.cpp">
      <Filter>Blocks\Cinder-Stk\src\stk</Filter>
    </ClCompile>
    <ClCompile Include="..\..\..\src\stk\Bowed.cpp">
      <Filter>Blocks\Cinder-Stk\src\stk</Filter>
    </ClCompile>
    <ClCompile Include="..\..\..\src\stk\Brass.cpp">
      <Filter>Blocks\Cinder-Stk\src\stk</Filter>
    </ClCompile>
    <ClCompile Include="..\..\..\src\stk\Chorus.cpp">
      <Filter>Blocks\Cinder-Stk\src\stk</Filter>
    </ClCompile>
    <ClCompile Include="..\..\..\src\stk\Clarinet.cpp">
      <Filter>Blocks\Cinder-Stk\src\stk</Filter>
    </ClCompile>
    <ClCompile Include="..\..\..\src\stk\Delay.cpp">
      <Filter>Blocks\Cinder-Stk\src\stk</Filter>
    </ClCompile>
    <ClCompile Include="..\..\..\src\stk\DelayA.cpp">
      <Filter>Blocks\Cinder-Stk\src\stk</Filter>
    </ClCompile>
    <ClCompile Include="..\..\..\src\stk\DelayL.cpp">
      <Filter>Blocks\Cinder-Stk\src\stk</Filter>
    </ClCompile>
    <ClCompile Include="..\..\..\src\stk\Drummer.cpp">
      <Filter>Blocks\Cinder-Stk\src\stk</Filter>
    </ClCompile>
    <ClCompile Include="..\..\..\src\stk\Echo.cpp">
      <Filter>Blocks\Cinder-Stk\src\stk</Filter>
    </ClCompile>
    <ClCompile Include="..\..\..\src\stk\Envelope.cpp">
      <Filter>Blocks\Cinder-Stk\src\stk</Filter>
    </ClCompile>
    <ClCompile Include="..\..\..\src\stk\FileLoop.cpp">
      <Filter>Blocks\Cinder-Stk\src\stk</Filter>
    </ClCompile>
    <ClCompile Include="..\..\..\src\stk\FileRead.cpp">
      <Filter>Blocks\Cinder-Stk\src\stk</Filter>
    </ClCompile>
    <ClCompile Include="..\..\..\src\stk\FileWrite.cpp">
      <Filter>Blocks\Cinder-Stk\src\stk</Filter>
    </ClCompile>
    <ClCompile Include="..\..\..\src\stk\FileWvIn.cpp">
      <Filter>Blocks\Cinder-Stk\src\stk</Filter>
    </ClCompile>
    <ClCompile Include="..\..\..\src\stk\FileWvOut.cpp">
      <Filter>Blocks\Cinder-Stk\src\stk</Filter>
    </ClCompile>
    <ClCompile Include="..\..\..\src\stk\Fir.cpp">
      <Filter>Blocks\Cinder-Stk\src\stk</Filter>
    </ClCompile>
    <ClCompile Include="..\..\..\src\stk\Flute.cpp">
      <Filter>Blocks\Cinder-Stk\src\stk</Filter>
    </ClCompile>
    <ClCompile Include="..\..\..\src\stk\FM.cpp">
      <Filter>Blocks\Cinder-Stk\src\stk</Filter>
    </ClCompile>
    <ClCompile Include="..\..\..\src\stk\FMVoices.cpp">
      <Filter>Blocks\Cinder-Stk\src\stk</Filter>
    </ClCompile>
    <ClCompile Include="..\..\..\src\stk\FormSwep.cpp">
      <Filter>Blocks\Cinder-Stk\src\stk</Filter>
    </ClCompile>
    <ClCompile Include="..\..\..\src\stk\FreeVerb.cpp">
      <Filter>Blocks\Cinder-Stk\src\stk</Filter>
    </ClCompile>
    <ClCompile Include="..\..\..\src\stk\Granulate.cpp">
      <Filter>Blocks\Cinder-Stk\src\stk</Filter>
    </ClCompile>
    <ClCompile Include="..\..\..\src\stk\Guitar.cpp">
      <Filter>Blocks\Cinder-Stk\src\stk</Filter>
    </ClCompile>
    <ClCompile Include="..\..\..\src\stk\HevyMetl.cpp">
      <Filter>Blocks\Cinder-Stk\src\stk</Filter>
    </ClCompile>
    <ClCompile Include="..\..\..\src\stk\Iir.cpp">
      <Filter>Blocks\Cinder-Stk\src\stk</Filter>
    </ClCompile>
    <ClCompile Include="..\..\..\src\stk\JCRev.cpp">
      <Filter>Blocks\Cinder-Stk\src\stk</Filter>
    </ClCompile>
    <ClCompile Include="..\..\..\src\stk\LentPitShift.cpp">
      <Filter>Blocks\Cinder-Stk\src\stk</Filter>
    </ClCompile>
    <ClCompile Include="..\..\..\src\stk\Mandolin.cpp">
      <Filter>Blocks\Cinder-Stk\src\stk</Filter>
    </ClCompile>
    <ClCompile Include="..\..\..\src\stk\Mesh2D.cpp">
      <Filter>Blocks\Cinder-Stk\src\stk</Filter>
    </ClCompile>
    <ClCompile Include="..\..\..\src\stk\MidiFileIn.cpp">
      <Filter>Blocks\Cinder-Stk\src\stk</Filter>
    </ClCompile>
    <ClCompile Include="..\..\..\src\stk\Modal.cpp">
      <Filter>Blocks\Cinder-Stk\src\stk</Filter>
    </ClCompile>
    <ClCompile Include="..\..\..\src\stk\ModalBar.cpp">
      <Filter>Blocks\Cinder-Stk\src\stk</Filter>
    </ClCompile>
    <ClCompile Include="..\..\..\src\stk\Modulate.cpp">
      <Filter>Blocks\Cinder-Stk\src\stk</Filter>
    </ClCompile>
    <ClCompile Include="..\..\..\src\stk\Moog.cpp">
      <Filter>Blocks\Cinder-Stk\src\stk</Filter>
    </ClCompile>
    <ClCompile Include="..\..\..\src\stk\Noise.cpp">
      <Filter>Blocks\Cinder-Stk\src\stk</Filter>
    </ClCompile>
    <ClCompile Include="..\..\..\src\stk\NRev.cpp">
      <Filter>Blocks\Cinder-Stk\src\stk</Filter>
    </ClCompile>
    <ClCompile Include="..\..\..\src\stk\OnePole.cpp">
      <Filter>Blocks\Cinder-Stk\src\stk</Filter>
    </ClCompile>
    <ClCompile Include="..\..\..\src\stk\OneZero.cpp">
      <Filter>Blocks\Cinder-Stk\src\stk</Filter>
    </ClCompile>
    <ClCompile Include="..\..\..\src\stk\PercFlut.cpp">
      <Filter>Blocks\Cinder-Stk\src\stk</Filter>
    </ClCompile>
    <ClCompile Include="..\..\..\src\stk\Phonemes.cpp">
      <Filter>Blocks\Cinder-Stk\src\stk</Filter>
    </ClCompile>
    <ClCompile Include="..\..\..\src\stk\PitShift.cpp">
      <Filter>Blocks\Cinder-Stk\src\stk</Filter>
    </ClCompile>
    <ClCompile Include="..\..\..\src\stk\Plucked.cpp">
      <Filter>Blocks\Cinder-Stk\src\stk</Filter>
    </ClCompile>
    <ClCompile Include="..\..\..\src\stk\PoleZero.cpp">
      <Filter>Blocks\Cinder-Stk\src\stk</Filter>
    </ClCompile>
    <ClCompile Include="..\..\..\src\stk\PRCRev.cpp">
      <Filter>Blocks\Cinder-Stk\src\stk</Filter>
    </ClCompile>
    <ClCompile Include="..\..\..\src\stk\Resonate.cpp">
      <Filter>Blocks\Cinder-Stk\src\stk</Filter>
    </ClCompile>
    <ClCompile Include="..\..\..\src\stk\Rhodey.cpp">
      <Filter>Blocks\Cinder-Stk\src\stk</Filter>
    </ClCompile>
    <ClCompile Include="..\..\..\src\stk\Sampler.cpp">
      <Filter>Blocks\Cinder-Stk\src\stk</Filter>
    </ClCompile>
    <ClCompile Include="..\..\..\src\stk\Saxofony.cpp">
      <Filter>Blocks\Cinder-Stk\src\stk</Filter>
    </ClCompile>
    <ClCompile Include="..\..\..\src\stk\Shakers.cpp">
      <Filter>Blocks\Cinder-Stk\src\stk</Filter>
    </ClCompile>
    <ClCompile Include="..\..\..\src\stk\Simple.cpp">
      <Filter>Blocks\Cinder-Stk\src\stk</Filter>
    </ClCompile>
    <ClCompile Include="..\..\..\src\stk\SineWave.cpp">
      <Filter>Blocks\Cinder-Stk\src\stk</Filter>
    </ClCompile>
    <ClCompile Include="..\..\..\src\stk\SingWave.cpp">
      <Filter>Blocks\Cinder-Stk\src\stk</Filter>
    </ClCompile>
    <ClCompile Include="..\..\..\src\stk\Sitar.cpp">
      <Filter>Blocks\Cinder-Stk\src\stk</Filter>
    </ClCompile>
    <ClCompile Include="..\..\..\src\stk\Skini.cpp">
      <Filter>Blocks\Cinder-Stk\src\stk</Filter>
    </ClCompile>
    <ClCompile Include="..\..\..\src\stk\Sphere.cpp">
      <Filter>Blocks\Cinder-Stk\src\stk</Filter>
    </ClCompile>
    <ClCompile Include="..\..\..\src\stk\StifKarp.cpp">
      <Filter>Blocks\Cinder-Stk\src\stk</Filter>
    </ClCompile>
    <ClCompile Include="..\..\..\src\stk\Stk.cpp">
      <Filter>Blocks\Cinder-Stk\src\stk</Filter>
    </ClCompile>
    <ClCompile Include="..\..\..\src\stk\TapDelay.cpp">
      <Filter>Blocks\Cinder-Stk\src\stk</Filter>
    </ClCompile>
    <ClCompile Include="..\..\..\src\stk\TubeBell.cpp">
      <Filter>Blocks\Cinder-Stk\src\stk</Filter>
    </ClCompile>
    <ClCompile Include="..\..\..\src\stk\Twang.cpp">
      <Filter>Blocks\Cinder-Stk\src\stk</Filter>
    </ClCompile>
    <ClCompile Include="..\..\..\src\stk\TwoPole.cpp">
      <Filter>Blocks\Cinder-Stk\src\stk</Filter>
    </ClCompile>
    <ClCompile Include="..\..\..\src\stk\TwoZero.cpp">
      <Filter>Blocks\Cinder-Stk\src\stk</Filter>
    </ClCompile>
    <ClCompile Include="..\..\..\src\stk\Voicer.cpp">
      <Filter>Blocks\Cinder-Stk\src\stk</Filter>
    </ClCompile>
    <ClCompile Include="..\..\..\src\stk\VoicForm.cpp">
      <Filter>Blocks\Cinder-Stk\src\stk</Filter>
    </ClCompile>
    <ClCompile Include="..\..\..\src\stk\Whistle.cpp">
      <Filter>Blocks\Cinder-Stk\src\stk</Filter>
    </ClCompile>
    <ClCompile Include="..\..\..\src\stk\Wurley.cpp">
      <Filter>Blocks\Cinder-Stk\src\stk</Filter>
    </ClCompile>
    <ClCompile Include="..\..\..\src\cistk\EffectNode.cpp">
      <Filter>Blocks\Cinder-Stk\src\cistk</Filter>
    </ClCompile>
    <ClCompile Include="..\..\..\src\cistk\InstrumentNode.cpp">
      <Filter>Blocks\Cinder-Stk\src\cistk</Filter>
    </ClCompile>
    <ClCompile Include="..\..\..\src\cistk\GeneratorNode.cpp">
      <Filter>Blocks\Cinder-Stk\src\cistk</Filter>
    </ClCompile>
  </ItemGroup>
  <ItemGroup>
    <ClInclude Include="..\include\Resources.h">
      <Filter>Header Files</Filter>
    </ClInclude>
    <ClInclude Include="..\..\..\src\cistk\EffectNode.h">
      <Filter>Blocks\Cinder-Stk\src\cistk</Filter>
    </ClInclude>
    <ClInclude Include="..\..\..\src\cistk\InstrumentNode.h">
      <Filter>Blocks\Cinder-Stk\src\cistk</Filter>
    </ClInclude>
    <ClInclude Include="..\..\..\src\cistk\GeneratorNode.h">
      <Filter>Blocks\Cinder-Stk\src\cistk</Filter>
    </ClInclude>
    <ClInclude Include="..\..\..\src\cistk\Generators.h">
      <Filter>Blocks\Cinder-Stk\src\cistk</Filter>
    </ClInclude>
  </ItemGroup>
  <ItemGroup>
    <ResourceCompile Include="Resources.rc">
      <Filter>Resource Files</Filter>
    </ResourceCompile>
  </ItemGroup>
</Project>